// !$*UTF8*$!
{
	archiveVersion = 1;
	classes = {
	};
	objectVersion = 56;
	objects = {

/* Begin PBXBuildFile section */
		174AA7182BF99B7E002B03A4 /* VRTXApp.swift in Sources */ = {isa = PBXBuildFile; fileRef = 174AA7172BF99B7E002B03A4 /* VRTXApp.swift */; };
		174AA71A2BF9A384002B03A4 /* MetalView.swift in Sources */ = {isa = PBXBuildFile; fileRef = 174AA7192BF9A384002B03A4 /* MetalView.swift */; };
		179B2FB12BFFC06000F02A3A /* MatrixViews.swift in Sources */ = {isa = PBXBuildFile; fileRef = 179B2FB02BFFC06000F02A3A /* MatrixViews.swift */; };
		17D46BA32C0B8D6800B14973 /* suzanne.obj in Resources */ = {isa = PBXBuildFile; fileRef = 17D46BA22C0B8D6800B14973 /* suzanne.obj */; };
		17E962CD2BF6D87F00F0A227 /* Assets.xcassets in Resources */ = {isa = PBXBuildFile; fileRef = 17E962CC2BF6D87F00F0A227 /* Assets.xcassets */; };
		17E962DD2BF6E43300F0A227 /* Shaders.metal in Sources */ = {isa = PBXBuildFile; fileRef = 17E962DC2BF6E43300F0A227 /* Shaders.metal */; };
		17E962DF2BF7BF5800F0A227 /* Renderer.swift in Sources */ = {isa = PBXBuildFile; fileRef = 17E962DE2BF7BF5800F0A227 /* Renderer.swift */; };
		17E962E12BF7BFA500F0A227 /* InputsView.swift in Sources */ = {isa = PBXBuildFile; fileRef = 17E962E02BF7BFA500F0A227 /* InputsView.swift */; };
		17E962E42BF7D0DD00F0A227 /* Float.swift in Sources */ = {isa = PBXBuildFile; fileRef = 17E962E32BF7D0DD00F0A227 /* Float.swift */; };
		17ED9E5D2BFA6CAC00268A2A /* Projection.swift in Sources */ = {isa = PBXBuildFile; fileRef = 17ED9E5C2BFA6CAC00268A2A /* Projection.swift */; };
		17ED9E5F2BFA6CB900268A2A /* Geometry.swift in Sources */ = {isa = PBXBuildFile; fileRef = 17ED9E5E2BFA6CB900268A2A /* Geometry.swift */; };
		17ED9E612BFA6D2D00268A2A /* GeometryUIView.swift in Sources */ = {isa = PBXBuildFile; fileRef = 17ED9E602BFA6D2D00268A2A /* GeometryUIView.swift */; };
		17ED9E632BFA6D3900268A2A /* ProjectionUIView.swift in Sources */ = {isa = PBXBuildFile; fileRef = 17ED9E622BFA6D3900268A2A /* ProjectionUIView.swift */; };
		17ED9E652BFAA52300268A2A /* SIMD.swift in Sources */ = {isa = PBXBuildFile; fileRef = 17ED9E642BFAA52300268A2A /* SIMD.swift */; };
		17ED9E672BFAAA5400268A2A /* LabeledSlider.swift in Sources */ = {isa = PBXBuildFile; fileRef = 17ED9E662BFAAA5400268A2A /* LabeledSlider.swift */; };
/* End PBXBuildFile section */

/* Begin PBXFileReference section */
		174AA7172BF99B7E002B03A4 /* VRTXApp.swift */ = {isa = PBXFileReference; lastKnownFileType = sourcecode.swift; path = VRTXApp.swift; sourceTree = "<group>"; };
		174AA7192BF9A384002B03A4 /* MetalView.swift */ = {isa = PBXFileReference; lastKnownFileType = sourcecode.swift; path = MetalView.swift; sourceTree = "<group>"; };
		179B2FB02BFFC06000F02A3A /* MatrixViews.swift */ = {isa = PBXFileReference; lastKnownFileType = sourcecode.swift; path = MatrixViews.swift; sourceTree = "<group>"; };
		17D46BA22C0B8D6800B14973 /* suzanne.obj */ = {isa = PBXFileReference; fileEncoding = 4; lastKnownFileType = text; path = suzanne.obj; sourceTree = "<group>"; };
		17E962C52BF6D87E00F0A227 /* VRTX.app */ = {isa = PBXFileReference; explicitFileType = wrapper.application; includeInIndex = 0; path = VRTX.app; sourceTree = BUILT_PRODUCTS_DIR; };
		17E962CC2BF6D87F00F0A227 /* Assets.xcassets */ = {isa = PBXFileReference; lastKnownFileType = folder.assetcatalog; path = Assets.xcassets; sourceTree = "<group>"; };
		17E962D12BF6D87F00F0A227 /* VRTX.entitlements */ = {isa = PBXFileReference; lastKnownFileType = text.plist.entitlements; path = VRTX.entitlements; sourceTree = "<group>"; };
		17E962D82BF6E22800F0A227 /* Metal.framework */ = {isa = PBXFileReference; lastKnownFileType = wrapper.framework; name = Metal.framework; path = System/Library/Frameworks/Metal.framework; sourceTree = SDKROOT; };
		17E962DA2BF6E23000F0A227 /* MetalKit.framework */ = {isa = PBXFileReference; lastKnownFileType = wrapper.framework; name = MetalKit.framework; path = System/Library/Frameworks/MetalKit.framework; sourceTree = SDKROOT; };
		17E962DC2BF6E43300F0A227 /* Shaders.metal */ = {isa = PBXFileReference; lastKnownFileType = sourcecode.metal; path = Shaders.metal; sourceTree = "<group>"; };
		17E962DE2BF7BF5800F0A227 /* Renderer.swift */ = {isa = PBXFileReference; lastKnownFileType = sourcecode.swift; path = Renderer.swift; sourceTree = "<group>"; };
		17E962E02BF7BFA500F0A227 /* InputsView.swift */ = {isa = PBXFileReference; lastKnownFileType = sourcecode.swift; path = InputsView.swift; sourceTree = "<group>"; };
		17E962E32BF7D0DD00F0A227 /* Float.swift */ = {isa = PBXFileReference; lastKnownFileType = sourcecode.swift; path = Float.swift; sourceTree = "<group>"; };
		17ED9E5C2BFA6CAC00268A2A /* Projection.swift */ = {isa = PBXFileReference; lastKnownFileType = sourcecode.swift; path = Projection.swift; sourceTree = "<group>"; };
		17ED9E5E2BFA6CB900268A2A /* Geometry.swift */ = {isa = PBXFileReference; lastKnownFileType = sourcecode.swift; path = Geometry.swift; sourceTree = "<group>"; };
		17ED9E602BFA6D2D00268A2A /* GeometryUIView.swift */ = {isa = PBXFileReference; lastKnownFileType = sourcecode.swift; path = GeometryUIView.swift; sourceTree = "<group>"; };
		17ED9E622BFA6D3900268A2A /* ProjectionUIView.swift */ = {isa = PBXFileReference; lastKnownFileType = sourcecode.swift; path = ProjectionUIView.swift; sourceTree = "<group>"; };
		17ED9E642BFAA52300268A2A /* SIMD.swift */ = {isa = PBXFileReference; lastKnownFileType = sourcecode.swift; path = SIMD.swift; sourceTree = "<group>"; };
		17ED9E662BFAAA5400268A2A /* LabeledSlider.swift */ = {isa = PBXFileReference; lastKnownFileType = sourcecode.swift; path = LabeledSlider.swift; sourceTree = "<group>"; };
/* End PBXFileReference section */

/* Begin PBXFrameworksBuildPhase section */
		17E962C22BF6D87E00F0A227 /* Frameworks */ = {
			isa = PBXFrameworksBuildPhase;
			buildActionMask = 2147483647;
			files = (
			);
			runOnlyForDeploymentPostprocessing = 0;
		};
/* End PBXFrameworksBuildPhase section */

/* Begin PBXGroup section */
		179B2FAF2BFFC05300F02A3A /* MathViews */ = {
			isa = PBXGroup;
			children = (
				179B2FB02BFFC06000F02A3A /* MatrixViews.swift */,
			);
			path = MathViews;
			sourceTree = "<group>";
		};
		17D46BA42C0B8D6B00B14973 /* Models */ = {
			isa = PBXGroup;
			children = (
				17D46BA22C0B8D6800B14973 /* suzanne.obj */,
			);
			name = Models;
			sourceTree = "<group>";
		};
		17E962BC2BF6D87E00F0A227 = {
			isa = PBXGroup;
			children = (
				17D46BA42C0B8D6B00B14973 /* Models */,
				17E962C72BF6D87E00F0A227 /* VRTX */,
				17E962C62BF6D87E00F0A227 /* Products */,
				17E962D72BF6E22700F0A227 /* Frameworks */,
			);
			sourceTree = "<group>";
		};
		17E962C62BF6D87E00F0A227 /* Products */ = {
			isa = PBXGroup;
			children = (
				17E962C52BF6D87E00F0A227 /* VRTX.app */,
			);
			name = Products;
			sourceTree = "<group>";
		};
		17E962C72BF6D87E00F0A227 /* VRTX */ = {
			isa = PBXGroup;
			children = (
				179B2FAF2BFFC05300F02A3A /* MathViews */,
				174AA7172BF99B7E002B03A4 /* VRTXApp.swift */,
				17E962DE2BF7BF5800F0A227 /* Renderer.swift */,
				17ED9E5C2BFA6CAC00268A2A /* Projection.swift */,
				17ED9E5E2BFA6CB900268A2A /* Geometry.swift */,
				174AA7192BF9A384002B03A4 /* MetalView.swift */,
				17E962E02BF7BFA500F0A227 /* InputsView.swift */,
				17ED9E622BFA6D3900268A2A /* ProjectionUIView.swift */,
				17ED9E602BFA6D2D00268A2A /* GeometryUIView.swift */,
				17E962E22BF7D0D100F0A227 /* Extension */,
				17E962CC2BF6D87F00F0A227 /* Assets.xcassets */,
				17E962D12BF6D87F00F0A227 /* VRTX.entitlements */,
				17E962DC2BF6E43300F0A227 /* Shaders.metal */,
				17ED9E662BFAAA5400268A2A /* LabeledSlider.swift */,
			);
			path = VRTX;
			sourceTree = "<group>";
		};
		17E962D72BF6E22700F0A227 /* Frameworks */ = {
			isa = PBXGroup;
			children = (
				17E962DA2BF6E23000F0A227 /* MetalKit.framework */,
				17E962D82BF6E22800F0A227 /* Metal.framework */,
			);
			name = Frameworks;
			sourceTree = "<group>";
		};
		17E962E22BF7D0D100F0A227 /* Extension */ = {
			isa = PBXGroup;
			children = (
				17E962E32BF7D0DD00F0A227 /* Float.swift */,
				17ED9E642BFAA52300268A2A /* SIMD.swift */,
			);
			path = Extension;
			sourceTree = "<group>";
		};
/* End PBXGroup section */

/* Begin PBXNativeTarget section */
		17E962C42BF6D87E00F0A227 /* VRTX */ = {
			isa = PBXNativeTarget;
			buildConfigurationList = 17E962D42BF6D87F00F0A227 /* Build configuration list for PBXNativeTarget "VRTX" */;
			buildPhases = (
				17E962C12BF6D87E00F0A227 /* Sources */,
				17E962C22BF6D87E00F0A227 /* Frameworks */,
				17E962C32BF6D87E00F0A227 /* Resources */,
			);
			buildRules = (
			);
			dependencies = (
			);
			name = VRTX;
			productName = VRTX;
			productReference = 17E962C52BF6D87E00F0A227 /* VRTX.app */;
			productType = "com.apple.product-type.application";
		};
/* End PBXNativeTarget section */

/* Begin PBXProject section */
		17E962BD2BF6D87E00F0A227 /* Project object */ = {
			isa = PBXProject;
			attributes = {
				BuildIndependentTargetsInParallel = 1;
				LastSwiftUpdateCheck = 1530;
				LastUpgradeCheck = 1530;
				TargetAttributes = {
					17E962C42BF6D87E00F0A227 = {
						CreatedOnToolsVersion = 15.3;
					};
				};
			};
			buildConfigurationList = 17E962C02BF6D87E00F0A227 /* Build configuration list for PBXProject "VRTX" */;
			compatibilityVersion = "Xcode 14.0";
			developmentRegion = en;
			hasScannedForEncodings = 0;
			knownRegions = (
				en,
				Base,
			);
			mainGroup = 17E962BC2BF6D87E00F0A227;
			productRefGroup = 17E962C62BF6D87E00F0A227 /* Products */;
			projectDirPath = "";
			projectRoot = "";
			targets = (
				17E962C42BF6D87E00F0A227 /* VRTX */,
			);
		};
/* End PBXProject section */

/* Begin PBXResourcesBuildPhase section */
		17E962C32BF6D87E00F0A227 /* Resources */ = {
			isa = PBXResourcesBuildPhase;
			buildActionMask = 2147483647;
			files = (
				17D46BA32C0B8D6800B14973 /* suzanne.obj in Resources */,
				17E962CD2BF6D87F00F0A227 /* Assets.xcassets in Resources */,
			);
			runOnlyForDeploymentPostprocessing = 0;
		};
/* End PBXResourcesBuildPhase section */

/* Begin PBXSourcesBuildPhase section */
		17E962C12BF6D87E00F0A227 /* Sources */ = {
			isa = PBXSourcesBuildPhase;
			buildActionMask = 2147483647;
			files = (
				17E962DF2BF7BF5800F0A227 /* Renderer.swift in Sources */,
				17ED9E632BFA6D3900268A2A /* ProjectionUIView.swift in Sources */,
				174AA71A2BF9A384002B03A4 /* MetalView.swift in Sources */,
				17E962E12BF7BFA500F0A227 /* InputsView.swift in Sources */,
				17ED9E672BFAAA5400268A2A /* LabeledSlider.swift in Sources */,
				17E962E42BF7D0DD00F0A227 /* Float.swift in Sources */,
				179B2FB12BFFC06000F02A3A /* MatrixViews.swift in Sources */,
				17ED9E652BFAA52300268A2A /* SIMD.swift in Sources */,
				17ED9E5F2BFA6CB900268A2A /* Geometry.swift in Sources */,
				17ED9E612BFA6D2D00268A2A /* GeometryUIView.swift in Sources */,
				17ED9E5D2BFA6CAC00268A2A /* Projection.swift in Sources */,
				174AA7182BF99B7E002B03A4 /* VRTXApp.swift in Sources */,
				17E962DD2BF6E43300F0A227 /* Shaders.metal in Sources */,
			);
			runOnlyForDeploymentPostprocessing = 0;
		};
/* End PBXSourcesBuildPhase section */

/* Begin XCBuildConfiguration section */
		17E962D22BF6D87F00F0A227 /* Debug */ = {
			isa = XCBuildConfiguration;
			buildSettings = {
				ALWAYS_SEARCH_USER_PATHS = NO;
				ASSETCATALOG_COMPILER_GENERATE_SWIFT_ASSET_SYMBOL_EXTENSIONS = YES;
				CLANG_ANALYZER_NONNULL = YES;
				CLANG_ANALYZER_NUMBER_OBJECT_CONVERSION = YES_AGGRESSIVE;
				CLANG_CXX_LANGUAGE_STANDARD = "gnu++20";
				CLANG_ENABLE_MODULES = YES;
				CLANG_ENABLE_OBJC_ARC = YES;
				CLANG_ENABLE_OBJC_WEAK = YES;
				CLANG_WARN_BLOCK_CAPTURE_AUTORELEASING = YES;
				CLANG_WARN_BOOL_CONVERSION = YES;
				CLANG_WARN_COMMA = YES;
				CLANG_WARN_CONSTANT_CONVERSION = YES;
				CLANG_WARN_DEPRECATED_OBJC_IMPLEMENTATIONS = YES;
				CLANG_WARN_DIRECT_OBJC_ISA_USAGE = YES_ERROR;
				CLANG_WARN_DOCUMENTATION_COMMENTS = YES;
				CLANG_WARN_EMPTY_BODY = YES;
				CLANG_WARN_ENUM_CONVERSION = YES;
				CLANG_WARN_INFINITE_RECURSION = YES;
				CLANG_WARN_INT_CONVERSION = YES;
				CLANG_WARN_NON_LITERAL_NULL_CONVERSION = YES;
				CLANG_WARN_OBJC_IMPLICIT_RETAIN_SELF = YES;
				CLANG_WARN_OBJC_LITERAL_CONVERSION = YES;
				CLANG_WARN_OBJC_ROOT_CLASS = YES_ERROR;
				CLANG_WARN_QUOTED_INCLUDE_IN_FRAMEWORK_HEADER = YES;
				CLANG_WARN_RANGE_LOOP_ANALYSIS = YES;
				CLANG_WARN_STRICT_PROTOTYPES = YES;
				CLANG_WARN_SUSPICIOUS_MOVE = YES;
				CLANG_WARN_UNGUARDED_AVAILABILITY = YES_AGGRESSIVE;
				CLANG_WARN_UNREACHABLE_CODE = YES;
				CLANG_WARN__DUPLICATE_METHOD_MATCH = YES;
				COPY_PHASE_STRIP = NO;
				DEBUG_INFORMATION_FORMAT = dwarf;
				ENABLE_STRICT_OBJC_MSGSEND = YES;
				ENABLE_TESTABILITY = YES;
				ENABLE_USER_SCRIPT_SANDBOXING = YES;
				GCC_C_LANGUAGE_STANDARD = gnu17;
				GCC_DYNAMIC_NO_PIC = NO;
				GCC_NO_COMMON_BLOCKS = YES;
				GCC_OPTIMIZATION_LEVEL = 0;
				GCC_PREPROCESSOR_DEFINITIONS = (
					"DEBUG=1",
					"$(inherited)",
				);
				GCC_WARN_64_TO_32_BIT_CONVERSION = YES;
				GCC_WARN_ABOUT_RETURN_TYPE = YES_ERROR;
				GCC_WARN_UNDECLARED_SELECTOR = YES;
				GCC_WARN_UNINITIALIZED_AUTOS = YES_AGGRESSIVE;
				GCC_WARN_UNUSED_FUNCTION = YES;
				GCC_WARN_UNUSED_VARIABLE = YES;
				LOCALIZATION_PREFERS_STRING_CATALOGS = YES;
				MACOSX_DEPLOYMENT_TARGET = 14.4;
				MTL_ENABLE_DEBUG_INFO = INCLUDE_SOURCE;
				MTL_FAST_MATH = YES;
				ONLY_ACTIVE_ARCH = YES;
				SDKROOT = macosx;
				SWIFT_ACTIVE_COMPILATION_CONDITIONS = "DEBUG $(inherited)";
				SWIFT_OPTIMIZATION_LEVEL = "-Onone";
			};
			name = Debug;
		};
		17E962D32BF6D87F00F0A227 /* Release */ = {
			isa = XCBuildConfiguration;
			buildSettings = {
				ALWAYS_SEARCH_USER_PATHS = NO;
				ASSETCATALOG_COMPILER_GENERATE_SWIFT_ASSET_SYMBOL_EXTENSIONS = YES;
				CLANG_ANALYZER_NONNULL = YES;
				CLANG_ANALYZER_NUMBER_OBJECT_CONVERSION = YES_AGGRESSIVE;
				CLANG_CXX_LANGUAGE_STANDARD = "gnu++20";
				CLANG_ENABLE_MODULES = YES;
				CLANG_ENABLE_OBJC_ARC = YES;
				CLANG_ENABLE_OBJC_WEAK = YES;
				CLANG_WARN_BLOCK_CAPTURE_AUTORELEASING = YES;
				CLANG_WARN_BOOL_CONVERSION = YES;
				CLANG_WARN_COMMA = YES;
				CLANG_WARN_CONSTANT_CONVERSION = YES;
				CLANG_WARN_DEPRECATED_OBJC_IMPLEMENTATIONS = YES;
				CLANG_WARN_DIRECT_OBJC_ISA_USAGE = YES_ERROR;
				CLANG_WARN_DOCUMENTATION_COMMENTS = YES;
				CLANG_WARN_EMPTY_BODY = YES;
				CLANG_WARN_ENUM_CONVERSION = YES;
				CLANG_WARN_INFINITE_RECURSION = YES;
				CLANG_WARN_INT_CONVERSION = YES;
				CLANG_WARN_NON_LITERAL_NULL_CONVERSION = YES;
				CLANG_WARN_OBJC_IMPLICIT_RETAIN_SELF = YES;
				CLANG_WARN_OBJC_LITERAL_CONVERSION = YES;
				CLANG_WARN_OBJC_ROOT_CLASS = YES_ERROR;
				CLANG_WARN_QUOTED_INCLUDE_IN_FRAMEWORK_HEADER = YES;
				CLANG_WARN_RANGE_LOOP_ANALYSIS = YES;
				CLANG_WARN_STRICT_PROTOTYPES = YES;
				CLANG_WARN_SUSPICIOUS_MOVE = YES;
				CLANG_WARN_UNGUARDED_AVAILABILITY = YES_AGGRESSIVE;
				CLANG_WARN_UNREACHABLE_CODE = YES;
				CLANG_WARN__DUPLICATE_METHOD_MATCH = YES;
				COPY_PHASE_STRIP = NO;
				DEBUG_INFORMATION_FORMAT = "dwarf-with-dsym";
				ENABLE_NS_ASSERTIONS = NO;
				ENABLE_STRICT_OBJC_MSGSEND = YES;
				ENABLE_USER_SCRIPT_SANDBOXING = YES;
				GCC_C_LANGUAGE_STANDARD = gnu17;
				GCC_NO_COMMON_BLOCKS = YES;
				GCC_WARN_64_TO_32_BIT_CONVERSION = YES;
				GCC_WARN_ABOUT_RETURN_TYPE = YES_ERROR;
				GCC_WARN_UNDECLARED_SELECTOR = YES;
				GCC_WARN_UNINITIALIZED_AUTOS = YES_AGGRESSIVE;
				GCC_WARN_UNUSED_FUNCTION = YES;
				GCC_WARN_UNUSED_VARIABLE = YES;
				LOCALIZATION_PREFERS_STRING_CATALOGS = YES;
				MACOSX_DEPLOYMENT_TARGET = 14.4;
				MTL_ENABLE_DEBUG_INFO = NO;
				MTL_FAST_MATH = YES;
				SDKROOT = macosx;
				SWIFT_COMPILATION_MODE = wholemodule;
			};
			name = Release;
		};
		17E962D52BF6D87F00F0A227 /* Debug */ = {
			isa = XCBuildConfiguration;
			buildSettings = {
				ASSETCATALOG_COMPILER_APPICON_NAME = AppIcon;
				ASSETCATALOG_COMPILER_GLOBAL_ACCENT_COLOR_NAME = AccentColor;
				CODE_SIGN_ENTITLEMENTS = VRTX/VRTX.entitlements;
				CODE_SIGN_STYLE = Automatic;
				COMBINE_HIDPI_IMAGES = YES;
				CURRENT_PROJECT_VERSION = 1;
				DEVELOPMENT_TEAM = D3D2BJZUS3;
				ENABLE_HARDENED_RUNTIME = YES;
				GENERATE_INFOPLIST_FILE = YES;
				INFOPLIST_FILE = VRTX/Info.plist;
				INFOPLIST_KEY_NSHumanReadableCopyright = "";
				INFOPLIST_KEY_NSPrincipalClass = NSApplication;
				LD_RUNPATH_SEARCH_PATHS = (
					"$(inherited)",
					"@executable_path/../Frameworks",
				);
				MARKETING_VERSION = 1.0;
				PRODUCT_BUNDLE_IDENTIFIER = com.samhodak.VRTX;
				PRODUCT_NAME = "$(TARGET_NAME)";
				SWIFT_EMIT_LOC_STRINGS = YES;
				SWIFT_VERSION = 5.0;
			};
			name = Debug;
		};
		17E962D62BF6D87F00F0A227 /* Release */ = {
			isa = XCBuildConfiguration;
			buildSettings = {
				ASSETCATALOG_COMPILER_APPICON_NAME = AppIcon;
				ASSETCATALOG_COMPILER_GLOBAL_ACCENT_COLOR_NAME = AccentColor;
				CODE_SIGN_ENTITLEMENTS = VRTX/VRTX.entitlements;
				CODE_SIGN_STYLE = Automatic;
				COMBINE_HIDPI_IMAGES = YES;
				CURRENT_PROJECT_VERSION = 1;
				DEVELOPMENT_TEAM = D3D2BJZUS3;
				ENABLE_HARDENED_RUNTIME = YES;
				GENERATE_INFOPLIST_FILE = YES;
				INFOPLIST_FILE = VRTX/Info.plist;
				INFOPLIST_KEY_NSHumanReadableCopyright = "";
				INFOPLIST_KEY_NSPrincipalClass = NSApplication;
				LD_RUNPATH_SEARCH_PATHS = (
					"$(inherited)",
					"@executable_path/../Frameworks",
				);
				MARKETING_VERSION = 1.0;
				PRODUCT_BUNDLE_IDENTIFIER = com.samhodak.VRTX;
				PRODUCT_NAME = "$(TARGET_NAME)";
				SWIFT_EMIT_LOC_STRINGS = YES;
				SWIFT_VERSION = 5.0;
			};
			name = Release;
		};
/* End XCBuildConfiguration section */

/* Begin XCConfigurationList section */
		17E962C02BF6D87E00F0A227 /* Build configuration list for PBXProject "VRTX" */ = {
			isa = XCConfigurationList;
			buildConfigurations = (
				17E962D22BF6D87F00F0A227 /* Debug */,
				17E962D32BF6D87F00F0A227 /* Release */,
			);
			defaultConfigurationIsVisible = 0;
			defaultConfigurationName = Release;
		};
		17E962D42BF6D87F00F0A227 /* Build configuration list for PBXNativeTarget "VRTX" */ = {
			isa = XCConfigurationList;
			buildConfigurations = (
				17E962D52BF6D87F00F0A227 /* Debug */,
				17E962D62BF6D87F00F0A227 /* Release */,
			);
			defaultConfigurationIsVisible = 0;
			defaultConfigurationName = Release;
		};
/* End XCConfigurationList section */
	};
	rootObject = 17E962BD2BF6D87E00F0A227 /* Project object */;
}
